
Microsoft Visual Studio Solution File, Format Version 12.00
# Visual Studio Version 17
VisualStudioVersion = 17.9.34723.18
MinimumVisualStudioVersion = 10.0.40219.1
Project("{9A19103F-16F7-4668-BE54-9A1E7A4F7556}") = "NewsletterWebApi", "NewsletterWebApi\NewsletterWebApi.csproj", "{3A8A9E38-2F66-46A1-9DA0-404D7F632772}"
EndProject
Global
	GlobalSection(SolutionConfigurationPlatforms) = preSolution
		Debug|Any CPU = Debug|Any CPU
		Release|Any CPU = Release|Any CPU
	EndGlobalSection
	GlobalSection(ProjectConfigurationPlatforms) = postSolution
		{3A8A9E38-2F66-46A1-9DA0-404D7F632772}.Debug|Any CPU.ActiveCfg = Debug|Any CPU
		{3A8A9E38-2F66-46A1-9DA0-404D7F632772}.Debug|Any CPU.Build.0 = Debug|Any CPU
		{3A8A9E38-2F66-46A1-9DA0-404D7F632772}.Release|Any CPU.ActiveCfg = Release|Any CPU
		{3A8A9E38-2F66-46A1-9DA0-404D7F632772}.Release|Any CPU.Build.0 = Release|Any CPU
	EndGlobalSection
	GlobalSection(SolutionProperties) = preSolution
		HideSolutionNode = FALSE
	EndGlobalSection
	GlobalSection(ExtensibilityGlobals) = postSolution
		SolutionGuid = {1EF889A5-45AD-407D-9E13-ED933AE0F592}
	EndGlobalSection
EndGlobal
